
Microsoft Visual Studio Solution File, Format Version 12.00
# Visual Studio 15
VisualStudioVersion = 15.0.28307.1684
MinimumVisualStudioVersion = 10.0.40219.1
Project("{FAE04EC0-301F-11D3-BF4B-00C04F79EFBC}") = "AWS-WinForms-Postgresql", "AWS-WinForms-Postgresql\AWS-WinForms-Postgresql.csproj", "{98ED9F3F-CC9A-4655-9E9B-5B767E90A671}"
EndProject
Global
	GlobalSection(SolutionConfigurationPlatforms) = preSolution
		Debug|Any CPU = Debug|Any CPU
		Release|Any CPU = Release|Any CPU
	EndGlobalSection
	GlobalSection(ProjectConfigurationPlatforms) = postSolution
		{98ED9F3F-CC9A-4655-9E9B-5B767E90A671}.Debug|Any CPU.ActiveCfg = Debug|Any CPU
		{98ED9F3F-CC9A-4655-9E9B-5B767E90A671}.Debug|Any CPU.Build.0 = Debug|Any CPU
		{98ED9F3F-CC9A-4655-9E9B-5B767E90A671}.Release|Any CPU.ActiveCfg = Release|Any CPU
		{98ED9F3F-CC9A-4655-9E9B-5B767E90A671}.Release|Any CPU.Build.0 = Release|Any CPU
	EndGlobalSection
	GlobalSection(SolutionProperties) = preSolution
		HideSolutionNode = FALSE
	EndGlobalSection
	GlobalSection(ExtensibilityGlobals) = postSolution
		SolutionGuid = {C4B44F3E-AD6D-4A05-AFFB-61A326EB44CE}
	EndGlobalSection
EndGlobal
